
Microsoft Visual Studio Solution File, Format Version 12.00
# Visual Studio Version 17
VisualStudioVersion = 17.5.33209.295
MinimumVisualStudioVersion = 10.0.40219.1
Project("{9A19103F-16F7-4668-BE54-9A1E7A4F7556}") = "Torrenty", "Torrenty\Torrenty.csproj", "{5E2FF7E7-F49C-467F-8488-C21DEC78156F}"
EndProject
Global
	GlobalSection(SolutionConfigurationPlatforms) = preSolution
		Debug|Any CPU = Debug|Any CPU
		Release|Any CPU = Release|Any CPU
	EndGlobalSection
	GlobalSection(ProjectConfigurationPlatforms) = postSolution
		{5E2FF7E7-F49C-467F-8488-C21DEC78156F}.Debug|Any CPU.ActiveCfg = Debug|Any CPU
		{5E2FF7E7-F49C-467F-8488-C21DEC78156F}.Debug|Any CPU.Build.0 = Debug|Any CPU
		{5E2FF7E7-F49C-467F-8488-C21DEC78156F}.Debug|Any CPU.Deploy.0 = Debug|Any CPU
		{5E2FF7E7-F49C-467F-8488-C21DEC78156F}.Release|Any CPU.ActiveCfg = Release|Any CPU
		{5E2FF7E7-F49C-467F-8488-C21DEC78156F}.Release|Any CPU.Build.0 = Release|Any CPU
		{5E2FF7E7-F49C-467F-8488-C21DEC78156F}.Release|Any CPU.Deploy.0 = Release|Any CPU
	EndGlobalSection
	GlobalSection(SolutionProperties) = preSolution
		HideSolutionNode = FALSE
	EndGlobalSection
	GlobalSection(ExtensibilityGlobals) = postSolution
		SolutionGuid = {3B80F50D-F52E-49DE-9B2D-94685B8C227D}
	EndGlobalSection
EndGlobal
